// !$*UTF8*$!
{
	archiveVersion = 1;
	classes = {
	};
	objectVersion = 56;
	objects = {

/* Begin PBXBuildFile section */
		4610816F29D4019200ADE069 /* NWS_API_Model.swift in Sources */ = {isa = PBXBuildFile; fileRef = 4610816E29D4019200ADE069 /* NWS_API_Model.swift */; };
		4610817129D526B900ADE069 /* TestView.swift in Sources */ = {isa = PBXBuildFile; fileRef = 4610817029D526B900ADE069 /* TestView.swift */; };
		461BE59C295D7011005EB14F /* Model.swift in Sources */ = {isa = PBXBuildFile; fileRef = 461BE59B295D7011005EB14F /* Model.swift */; };
		464A9B032936B18500015668 /* MapboxMaps in Frameworks */ = {isa = PBXBuildFile; productRef = 464A9B022936B18500015668 /* MapboxMaps */; };
		464A9B052936B24400015668 /* MapBoxMapView.swift in Sources */ = {isa = PBXBuildFile; fileRef = 464A9B042936B24400015668 /* MapBoxMapView.swift */; };
		464A9B072937173E00015668 /* DetailView.swift in Sources */ = {isa = PBXBuildFile; fileRef = 464A9B062937173E00015668 /* DetailView.swift */; };
		464A9B0A295D6E1200015668 /* ToolBoxView.swift in Sources */ = {isa = PBXBuildFile; fileRef = 464A9B09295D6E1200015668 /* ToolBoxView.swift */; };
		A6341E5829C24E1F009A6D88 /* RawData.swift in Sources */ = {isa = PBXBuildFile; fileRef = A6341E5729C24E1F009A6D88 /* RawData.swift */; };
		A67ABD232924157800726A2F /* ShelterSafeApp.swift in Sources */ = {isa = PBXBuildFile; fileRef = A67ABD222924157800726A2F /* ShelterSafeApp.swift */; };
		A67ABD252924157800726A2F /* ContentView.swift in Sources */ = {isa = PBXBuildFile; fileRef = A67ABD242924157800726A2F /* ContentView.swift */; };
		A67ABD272924157A00726A2F /* Assets.xcassets in Resources */ = {isa = PBXBuildFile; fileRef = A67ABD262924157A00726A2F /* Assets.xcassets */; };
		A67ABD2A2924157A00726A2F /* Preview Assets.xcassets in Resources */ = {isa = PBXBuildFile; fileRef = A67ABD292924157A00726A2F /* Preview Assets.xcassets */; };
		A67ABD2C2924157A00726A2F /* Persistence.swift in Sources */ = {isa = PBXBuildFile; fileRef = A67ABD2B2924157A00726A2F /* Persistence.swift */; };
		A67ABD2F2924157A00726A2F /* ShelterSafe.xcdatamodeld in Sources */ = {isa = PBXBuildFile; fileRef = A67ABD2D2924157A00726A2F /* ShelterSafe.xcdatamodeld */; };
		A67ABD3A2924157A00726A2F /* ShelterSafeTests.swift in Sources */ = {isa = PBXBuildFile; fileRef = A67ABD392924157A00726A2F /* ShelterSafeTests.swift */; };
		A67ABD442924157A00726A2F /* ShelterSafeUITests.swift in Sources */ = {isa = PBXBuildFile; fileRef = A67ABD432924157A00726A2F /* ShelterSafeUITests.swift */; };
		A67ABD462924157A00726A2F /* ShelterSafeUITestsLaunchTests.swift in Sources */ = {isa = PBXBuildFile; fileRef = A67ABD452924157A00726A2F /* ShelterSafeUITestsLaunchTests.swift */; };
		A6E99F7429D5F7090039C880 /* ShelterModel.swift in Sources */ = {isa = PBXBuildFile; fileRef = A6E99F7329D5F7090039C880 /* ShelterModel.swift */; };
/* End PBXBuildFile section */

/* Begin PBXContainerItemProxy section */
		A67ABD362924157A00726A2F /* PBXContainerItemProxy */ = {
			isa = PBXContainerItemProxy;
			containerPortal = A67ABD172924157800726A2F /* Project object */;
			proxyType = 1;
			remoteGlobalIDString = A67ABD1E2924157800726A2F;
			remoteInfo = ShelterSafe;
		};
		A67ABD402924157A00726A2F /* PBXContainerItemProxy */ = {
			isa = PBXContainerItemProxy;
			containerPortal = A67ABD172924157800726A2F /* Project object */;
			proxyType = 1;
			remoteGlobalIDString = A67ABD1E2924157800726A2F;
			remoteInfo = ShelterSafe;
		};
/* End PBXContainerItemProxy section */

/* Begin PBXFileReference section */
		4610816E29D4019200ADE069 /* NWS_API_Model.swift */ = {isa = PBXFileReference; lastKnownFileType = sourcecode.swift; path = NWS_API_Model.swift; sourceTree = "<group>"; };
		4610817029D526B900ADE069 /* TestView.swift */ = {isa = PBXFileReference; lastKnownFileType = sourcecode.swift; path = TestView.swift; sourceTree = "<group>"; };
		461BE59B295D7011005EB14F /* Model.swift */ = {isa = PBXFileReference; lastKnownFileType = sourcecode.swift; path = Model.swift; sourceTree = "<group>"; };
		464A9B042936B24400015668 /* MapBoxMapView.swift */ = {isa = PBXFileReference; lastKnownFileType = sourcecode.swift; path = MapBoxMapView.swift; sourceTree = "<group>"; };
		464A9B062937173E00015668 /* DetailView.swift */ = {isa = PBXFileReference; lastKnownFileType = sourcecode.swift; path = DetailView.swift; sourceTree = "<group>"; };
		464A9B09295D6E1200015668 /* ToolBoxView.swift */ = {isa = PBXFileReference; lastKnownFileType = sourcecode.swift; path = ToolBoxView.swift; sourceTree = "<group>"; };
		A6341E5729C24E1F009A6D88 /* RawData.swift */ = {isa = PBXFileReference; lastKnownFileType = sourcecode.swift; path = RawData.swift; sourceTree = "<group>"; };
		A67ABD1F2924157800726A2F /* ShelterSafe.app */ = {isa = PBXFileReference; explicitFileType = wrapper.application; includeInIndex = 0; path = ShelterSafe.app; sourceTree = BUILT_PRODUCTS_DIR; };
		A67ABD222924157800726A2F /* ShelterSafeApp.swift */ = {isa = PBXFileReference; lastKnownFileType = sourcecode.swift; path = ShelterSafeApp.swift; sourceTree = "<group>"; };
		A67ABD242924157800726A2F /* ContentView.swift */ = {isa = PBXFileReference; lastKnownFileType = sourcecode.swift; path = ContentView.swift; sourceTree = "<group>"; };
		A67ABD262924157A00726A2F /* Assets.xcassets */ = {isa = PBXFileReference; lastKnownFileType = folder.assetcatalog; path = Assets.xcassets; sourceTree = "<group>"; };
		A67ABD292924157A00726A2F /* Preview Assets.xcassets */ = {isa = PBXFileReference; lastKnownFileType = folder.assetcatalog; path = "Preview Assets.xcassets"; sourceTree = "<group>"; };
		A67ABD2B2924157A00726A2F /* Persistence.swift */ = {isa = PBXFileReference; lastKnownFileType = sourcecode.swift; path = Persistence.swift; sourceTree = "<group>"; };
		A67ABD2E2924157A00726A2F /* ShelterSafe.xcdatamodel */ = {isa = PBXFileReference; lastKnownFileType = wrapper.xcdatamodel; path = ShelterSafe.xcdatamodel; sourceTree = "<group>"; };
		A67ABD302924157A00726A2F /* Info.plist */ = {isa = PBXFileReference; lastKnownFileType = text.plist.xml; path = Info.plist; sourceTree = "<group>"; };
		A67ABD352924157A00726A2F /* ShelterSafeTests.xctest */ = {isa = PBXFileReference; explicitFileType = wrapper.cfbundle; includeInIndex = 0; path = ShelterSafeTests.xctest; sourceTree = BUILT_PRODUCTS_DIR; };
		A67ABD392924157A00726A2F /* ShelterSafeTests.swift */ = {isa = PBXFileReference; lastKnownFileType = sourcecode.swift; path = ShelterSafeTests.swift; sourceTree = "<group>"; };
		A67ABD3F2924157A00726A2F /* ShelterSafeUITests.xctest */ = {isa = PBXFileReference; explicitFileType = wrapper.cfbundle; includeInIndex = 0; path = ShelterSafeUITests.xctest; sourceTree = BUILT_PRODUCTS_DIR; };
		A67ABD432924157A00726A2F /* ShelterSafeUITests.swift */ = {isa = PBXFileReference; lastKnownFileType = sourcecode.swift; path = ShelterSafeUITests.swift; sourceTree = "<group>"; };
		A67ABD452924157A00726A2F /* ShelterSafeUITestsLaunchTests.swift */ = {isa = PBXFileReference; lastKnownFileType = sourcecode.swift; path = ShelterSafeUITestsLaunchTests.swift; sourceTree = "<group>"; };
		A6E99F7329D5F7090039C880 /* ShelterModel.swift */ = {isa = PBXFileReference; lastKnownFileType = sourcecode.swift; path = ShelterModel.swift; sourceTree = "<group>"; };
/* End PBXFileReference section */

/* Begin PBXFrameworksBuildPhase section */
		A67ABD1C2924157800726A2F /* Frameworks */ = {
			isa = PBXFrameworksBuildPhase;
			buildActionMask = 2147483647;
			files = (
				464A9B032936B18500015668 /* MapboxMaps in Frameworks */,
			);
			runOnlyForDeploymentPostprocessing = 0;
		};
		A67ABD322924157A00726A2F /* Frameworks */ = {
			isa = PBXFrameworksBuildPhase;
			buildActionMask = 2147483647;
			files = (
			);
			runOnlyForDeploymentPostprocessing = 0;
		};
		A67ABD3C2924157A00726A2F /* Frameworks */ = {
			isa = PBXFrameworksBuildPhase;
			buildActionMask = 2147483647;
			files = (
			);
			runOnlyForDeploymentPostprocessing = 0;
		};
/* End PBXFrameworksBuildPhase section */

/* Begin PBXGroup section */
		A6341E5629C24DCD009A6D88 /* Data */ = {
			isa = PBXGroup;
			children = (
				461BE59B295D7011005EB14F /* Model.swift */,
				A6E99F7329D5F7090039C880 /* ShelterModel.swift */,
				A6341E5729C24E1F009A6D88 /* RawData.swift */,
				4610816E29D4019200ADE069 /* NWS_API_Model.swift */,
			);
			path = Data;
			sourceTree = "<group>";
		};
		A67ABD162924157800726A2F = {
			isa = PBXGroup;
			children = (
				A67ABD212924157800726A2F /* ShelterSafe */,
				A67ABD382924157A00726A2F /* ShelterSafeTests */,
				A67ABD422924157A00726A2F /* ShelterSafeUITests */,
				A67ABD202924157800726A2F /* Products */,
			);
			sourceTree = "<group>";
		};
		A67ABD202924157800726A2F /* Products */ = {
			isa = PBXGroup;
			children = (
				A67ABD1F2924157800726A2F /* ShelterSafe.app */,
				A67ABD352924157A00726A2F /* ShelterSafeTests.xctest */,
				A67ABD3F2924157A00726A2F /* ShelterSafeUITests.xctest */,
			);
			name = Products;
			sourceTree = "<group>";
		};
		A67ABD212924157800726A2F /* ShelterSafe */ = {
			isa = PBXGroup;
			children = (
				A67ABD222924157800726A2F /* ShelterSafeApp.swift */,
				464A9B062937173E00015668 /* DetailView.swift */,
				A6341E5629C24DCD009A6D88 /* Data */,
				464A9B09295D6E1200015668 /* ToolBoxView.swift */,
				4610817029D526B900ADE069 /* TestView.swift */,
				464A9B042936B24400015668 /* MapBoxMapView.swift */,
				A67ABD242924157800726A2F /* ContentView.swift */,
				A67ABD262924157A00726A2F /* Assets.xcassets */,
				A67ABD2B2924157A00726A2F /* Persistence.swift */,
				A67ABD302924157A00726A2F /* Info.plist */,
				A67ABD2D2924157A00726A2F /* ShelterSafe.xcdatamodeld */,
				A67ABD282924157A00726A2F /* Preview Content */,
			);
			path = ShelterSafe;
			sourceTree = "<group>";
		};
		A67ABD282924157A00726A2F /* Preview Content */ = {
			isa = PBXGroup;
			children = (
				A67ABD292924157A00726A2F /* Preview Assets.xcassets */,
			);
			path = "Preview Content";
			sourceTree = "<group>";
		};
		A67ABD382924157A00726A2F /* ShelterSafeTests */ = {
			isa = PBXGroup;
			children = (
				A67ABD392924157A00726A2F /* ShelterSafeTests.swift */,
			);
			path = ShelterSafeTests;
			sourceTree = "<group>";
		};
		A67ABD422924157A00726A2F /* ShelterSafeUITests */ = {
			isa = PBXGroup;
			children = (
				A67ABD432924157A00726A2F /* ShelterSafeUITests.swift */,
				A67ABD452924157A00726A2F /* ShelterSafeUITestsLaunchTests.swift */,
			);
			path = ShelterSafeUITests;
			sourceTree = "<group>";
		};
/* End PBXGroup section */

/* Begin PBXNativeTarget section */
		A67ABD1E2924157800726A2F /* ShelterSafe */ = {
			isa = PBXNativeTarget;
			buildConfigurationList = A67ABD492924157A00726A2F /* Build configuration list for PBXNativeTarget "ShelterSafe" */;
			buildPhases = (
				A67ABD1B2924157800726A2F /* Sources */,
				A67ABD1C2924157800726A2F /* Frameworks */,
				A67ABD1D2924157800726A2F /* Resources */,
			);
			buildRules = (
			);
			dependencies = (
			);
			name = ShelterSafe;
			packageProductDependencies = (
				464A9B022936B18500015668 /* MapboxMaps */,
			);
			productName = ShelterSafe;
			productReference = A67ABD1F2924157800726A2F /* ShelterSafe.app */;
			productType = "com.apple.product-type.application";
		};
		A67ABD342924157A00726A2F /* ShelterSafeTests */ = {
			isa = PBXNativeTarget;
			buildConfigurationList = A67ABD4C2924157A00726A2F /* Build configuration list for PBXNativeTarget "ShelterSafeTests" */;
			buildPhases = (
				A67ABD312924157A00726A2F /* Sources */,
				A67ABD322924157A00726A2F /* Frameworks */,
				A67ABD332924157A00726A2F /* Resources */,
			);
			buildRules = (
			);
			dependencies = (
				A67ABD372924157A00726A2F /* PBXTargetDependency */,
			);
			name = ShelterSafeTests;
			productName = ShelterSafeTests;
			productReference = A67ABD352924157A00726A2F /* ShelterSafeTests.xctest */;
			productType = "com.apple.product-type.bundle.unit-test";
		};
		A67ABD3E2924157A00726A2F /* ShelterSafeUITests */ = {
			isa = PBXNativeTarget;
			buildConfigurationList = A67ABD4F2924157A00726A2F /* Build configuration list for PBXNativeTarget "ShelterSafeUITests" */;
			buildPhases = (
				A67ABD3B2924157A00726A2F /* Sources */,
				A67ABD3C2924157A00726A2F /* Frameworks */,
				A67ABD3D2924157A00726A2F /* Resources */,
			);
			buildRules = (
			);
			dependencies = (
				A67ABD412924157A00726A2F /* PBXTargetDependency */,
			);
			name = ShelterSafeUITests;
			productName = ShelterSafeUITests;
			productReference = A67ABD3F2924157A00726A2F /* ShelterSafeUITests.xctest */;
			productType = "com.apple.product-type.bundle.ui-testing";
		};
/* End PBXNativeTarget section */

/* Begin PBXProject section */
		A67ABD172924157800726A2F /* Project object */ = {
			isa = PBXProject;
			attributes = {
				BuildIndependentTargetsInParallel = 1;
				LastSwiftUpdateCheck = 1410;
				LastUpgradeCheck = 1410;
				TargetAttributes = {
					A67ABD1E2924157800726A2F = {
						CreatedOnToolsVersion = 14.1;
					};
					A67ABD342924157A00726A2F = {
						CreatedOnToolsVersion = 14.1;
						TestTargetID = A67ABD1E2924157800726A2F;
					};
					A67ABD3E2924157A00726A2F = {
						CreatedOnToolsVersion = 14.1;
						TestTargetID = A67ABD1E2924157800726A2F;
					};
				};
			};
			buildConfigurationList = A67ABD1A2924157800726A2F /* Build configuration list for PBXProject "ShelterSafe" */;
			compatibilityVersion = "Xcode 14.0";
			developmentRegion = en;
			hasScannedForEncodings = 0;
			knownRegions = (
				en,
				Base,
			);
			mainGroup = A67ABD162924157800726A2F;
			packageReferences = (
				464A9B012936B18500015668 /* XCRemoteSwiftPackageReference "mapbox-maps-ios" */,
			);
			productRefGroup = A67ABD202924157800726A2F /* Products */;
			projectDirPath = "";
			projectRoot = "";
			targets = (
				A67ABD1E2924157800726A2F /* ShelterSafe */,
				A67ABD342924157A00726A2F /* ShelterSafeTests */,
				A67ABD3E2924157A00726A2F /* ShelterSafeUITests */,
			);
		};
/* End PBXProject section */

/* Begin PBXResourcesBuildPhase section */
		A67ABD1D2924157800726A2F /* Resources */ = {
			isa = PBXResourcesBuildPhase;
			buildActionMask = 2147483647;
			files = (
				A67ABD2A2924157A00726A2F /* Preview Assets.xcassets in Resources */,
				A67ABD272924157A00726A2F /* Assets.xcassets in Resources */,
			);
			runOnlyForDeploymentPostprocessing = 0;
		};
		A67ABD332924157A00726A2F /* Resources */ = {
			isa = PBXResourcesBuildPhase;
			buildActionMask = 2147483647;
			files = (
			);
			runOnlyForDeploymentPostprocessing = 0;
		};
		A67ABD3D2924157A00726A2F /* Resources */ = {
			isa = PBXResourcesBuildPhase;
			buildActionMask = 2147483647;
			files = (
			);
			runOnlyForDeploymentPostprocessing = 0;
		};
/* End PBXResourcesBuildPhase section */

/* Begin PBXSourcesBuildPhase section */
		A67ABD1B2924157800726A2F /* Sources */ = {
			isa = PBXSourcesBuildPhase;
			buildActionMask = 2147483647;
			files = (
				A6341E5829C24E1F009A6D88 /* RawData.swift in Sources */,
				4610816F29D4019200ADE069 /* NWS_API_Model.swift in Sources */,
				4610817129D526B900ADE069 /* TestView.swift in Sources */,
				464A9B052936B24400015668 /* MapBoxMapView.swift in Sources */,
				464A9B072937173E00015668 /* DetailView.swift in Sources */,
				A67ABD2C2924157A00726A2F /* Persistence.swift in Sources */,
				A67ABD252924157800726A2F /* ContentView.swift in Sources */,
				A67ABD2F2924157A00726A2F /* ShelterSafe.xcdatamodeld in Sources */,
				464A9B0A295D6E1200015668 /* ToolBoxView.swift in Sources */,
				A6E99F7429D5F7090039C880 /* ShelterModel.swift in Sources */,
				A67ABD232924157800726A2F /* ShelterSafeApp.swift in Sources */,
				461BE59C295D7011005EB14F /* Model.swift in Sources */,
			);
			runOnlyForDeploymentPostprocessing = 0;
		};
		A67ABD312924157A00726A2F /* Sources */ = {
			isa = PBXSourcesBuildPhase;
			buildActionMask = 2147483647;
			files = (
				A67ABD3A2924157A00726A2F /* ShelterSafeTests.swift in Sources */,
			);
			runOnlyForDeploymentPostprocessing = 0;
		};
		A67ABD3B2924157A00726A2F /* Sources */ = {
			isa = PBXSourcesBuildPhase;
			buildActionMask = 2147483647;
			files = (
				A67ABD442924157A00726A2F /* ShelterSafeUITests.swift in Sources */,
				A67ABD462924157A00726A2F /* ShelterSafeUITestsLaunchTests.swift in Sources */,
			);
			runOnlyForDeploymentPostprocessing = 0;
		};
/* End PBXSourcesBuildPhase section */

/* Begin PBXTargetDependency section */
		A67ABD372924157A00726A2F /* PBXTargetDependency */ = {
			isa = PBXTargetDependency;
			target = A67ABD1E2924157800726A2F /* ShelterSafe */;
			targetProxy = A67ABD362924157A00726A2F /* PBXContainerItemProxy */;
		};
		A67ABD412924157A00726A2F /* PBXTargetDependency */ = {
			isa = PBXTargetDependency;
			target = A67ABD1E2924157800726A2F /* ShelterSafe */;
			targetProxy = A67ABD402924157A00726A2F /* PBXContainerItemProxy */;
		};
/* End PBXTargetDependency section */

/* Begin XCBuildConfiguration section */
		A67ABD472924157A00726A2F /* Debug */ = {
			isa = XCBuildConfiguration;
			buildSettings = {
				ALWAYS_SEARCH_USER_PATHS = NO;
				CLANG_ANALYZER_NONNULL = YES;
				CLANG_ANALYZER_NUMBER_OBJECT_CONVERSION = YES_AGGRESSIVE;
				CLANG_CXX_LANGUAGE_STANDARD = "gnu++20";
				CLANG_ENABLE_MODULES = YES;
				CLANG_ENABLE_OBJC_ARC = YES;
				CLANG_ENABLE_OBJC_WEAK = YES;
				CLANG_WARN_BLOCK_CAPTURE_AUTORELEASING = YES;
				CLANG_WARN_BOOL_CONVERSION = YES;
				CLANG_WARN_COMMA = YES;
				CLANG_WARN_CONSTANT_CONVERSION = YES;
				CLANG_WARN_DEPRECATED_OBJC_IMPLEMENTATIONS = YES;
				CLANG_WARN_DIRECT_OBJC_ISA_USAGE = YES_ERROR;
				CLANG_WARN_DOCUMENTATION_COMMENTS = YES;
				CLANG_WARN_EMPTY_BODY = YES;
				CLANG_WARN_ENUM_CONVERSION = YES;
				CLANG_WARN_INFINITE_RECURSION = YES;
				CLANG_WARN_INT_CONVERSION = YES;
				CLANG_WARN_NON_LITERAL_NULL_CONVERSION = YES;
				CLANG_WARN_OBJC_IMPLICIT_RETAIN_SELF = YES;
				CLANG_WARN_OBJC_LITERAL_CONVERSION = YES;
				CLANG_WARN_OBJC_ROOT_CLASS = YES_ERROR;
				CLANG_WARN_QUOTED_INCLUDE_IN_FRAMEWORK_HEADER = YES;
				CLANG_WARN_RANGE_LOOP_ANALYSIS = YES;
				CLANG_WARN_STRICT_PROTOTYPES = YES;
				CLANG_WARN_SUSPICIOUS_MOVE = YES;
				CLANG_WARN_UNGUARDED_AVAILABILITY = YES_AGGRESSIVE;
				CLANG_WARN_UNREACHABLE_CODE = YES;
				CLANG_WARN__DUPLICATE_METHOD_MATCH = YES;
				COPY_PHASE_STRIP = NO;
				DEBUG_INFORMATION_FORMAT = dwarf;
				ENABLE_STRICT_OBJC_MSGSEND = YES;
				ENABLE_TESTABILITY = YES;
				GCC_C_LANGUAGE_STANDARD = gnu11;
				GCC_DYNAMIC_NO_PIC = NO;
				GCC_NO_COMMON_BLOCKS = YES;
				GCC_OPTIMIZATION_LEVEL = 0;
				GCC_PREPROCESSOR_DEFINITIONS = (
					"DEBUG=1",
					"$(inherited)",
				);
				GCC_WARN_64_TO_32_BIT_CONVERSION = YES;
				GCC_WARN_ABOUT_RETURN_TYPE = YES_ERROR;
				GCC_WARN_UNDECLARED_SELECTOR = YES;
				GCC_WARN_UNINITIALIZED_AUTOS = YES_AGGRESSIVE;
				GCC_WARN_UNUSED_FUNCTION = YES;
				GCC_WARN_UNUSED_VARIABLE = YES;
				IPHONEOS_DEPLOYMENT_TARGET = 16.1;
				MTL_ENABLE_DEBUG_INFO = INCLUDE_SOURCE;
				MTL_FAST_MATH = YES;
				ONLY_ACTIVE_ARCH = YES;
				SDKROOT = iphoneos;
				SWIFT_ACTIVE_COMPILATION_CONDITIONS = DEBUG;
				SWIFT_OPTIMIZATION_LEVEL = "-Onone";
			};
			name = Debug;
		};
		A67ABD482924157A00726A2F /* Release */ = {
			isa = XCBuildConfiguration;
			buildSettings = {
				ALWAYS_SEARCH_USER_PATHS = NO;
				CLANG_ANALYZER_NONNULL = YES;
				CLANG_ANALYZER_NUMBER_OBJECT_CONVERSION = YES_AGGRESSIVE;
				CLANG_CXX_LANGUAGE_STANDARD = "gnu++20";
				CLANG_ENABLE_MODULES = YES;
				CLANG_ENABLE_OBJC_ARC = YES;
				CLANG_ENABLE_OBJC_WEAK = YES;
				CLANG_WARN_BLOCK_CAPTURE_AUTORELEASING = YES;
				CLANG_WARN_BOOL_CONVERSION = YES;
				CLANG_WARN_COMMA = YES;
				CLANG_WARN_CONSTANT_CONVERSION = YES;
				CLANG_WARN_DEPRECATED_OBJC_IMPLEMENTATIONS = YES;
				CLANG_WARN_DIRECT_OBJC_ISA_USAGE = YES_ERROR;
				CLANG_WARN_DOCUMENTATION_COMMENTS = YES;
				CLANG_WARN_EMPTY_BODY = YES;
				CLANG_WARN_ENUM_CONVERSION = YES;
				CLANG_WARN_INFINITE_RECURSION = YES;
				CLANG_WARN_INT_CONVERSION = YES;
				CLANG_WARN_NON_LITERAL_NULL_CONVERSION = YES;
				CLANG_WARN_OBJC_IMPLICIT_RETAIN_SELF = YES;
				CLANG_WARN_OBJC_LITERAL_CONVERSION = YES;
				CLANG_WARN_OBJC_ROOT_CLASS = YES_ERROR;
				CLANG_WARN_QUOTED_INCLUDE_IN_FRAMEWORK_HEADER = YES;
				CLANG_WARN_RANGE_LOOP_ANALYSIS = YES;
				CLANG_WARN_STRICT_PROTOTYPES = YES;
				CLANG_WARN_SUSPICIOUS_MOVE = YES;
				CLANG_WARN_UNGUARDED_AVAILABILITY = YES_AGGRESSIVE;
				CLANG_WARN_UNREACHABLE_CODE = YES;
				CLANG_WARN__DUPLICATE_METHOD_MATCH = YES;
				COPY_PHASE_STRIP = NO;
				DEBUG_INFORMATION_FORMAT = "dwarf-with-dsym";
				ENABLE_NS_ASSERTIONS = NO;
				ENABLE_STRICT_OBJC_MSGSEND = YES;
				GCC_C_LANGUAGE_STANDARD = gnu11;
				GCC_NO_COMMON_BLOCKS = YES;
				GCC_WARN_64_TO_32_BIT_CONVERSION = YES;
				GCC_WARN_ABOUT_RETURN_TYPE = YES_ERROR;
				GCC_WARN_UNDECLARED_SELECTOR = YES;
				GCC_WARN_UNINITIALIZED_AUTOS = YES_AGGRESSIVE;
				GCC_WARN_UNUSED_FUNCTION = YES;
				GCC_WARN_UNUSED_VARIABLE = YES;
				IPHONEOS_DEPLOYMENT_TARGET = 16.1;
				MTL_ENABLE_DEBUG_INFO = NO;
				MTL_FAST_MATH = YES;
				SDKROOT = iphoneos;
				SWIFT_COMPILATION_MODE = wholemodule;
				SWIFT_OPTIMIZATION_LEVEL = "-O";
				VALIDATE_PRODUCT = YES;
			};
			name = Release;
		};
		A67ABD4A2924157A00726A2F /* Debug */ = {
			isa = XCBuildConfiguration;
			buildSettings = {
				ASSETCATALOG_COMPILER_APPICON_NAME = AppIcon;
				ASSETCATALOG_COMPILER_GLOBAL_ACCENT_COLOR_NAME = AccentColor;
				CODE_SIGN_STYLE = Automatic;
				CURRENT_PROJECT_VERSION = 1;
				DEVELOPMENT_ASSET_PATHS = "\"ShelterSafe/Preview Content\"";
				ENABLE_PREVIEWS = YES;
				GENERATE_INFOPLIST_FILE = YES;
				INFOPLIST_FILE = ShelterSafe/Info.plist;
				INFOPLIST_KEY_LSApplicationCategoryType = "";
				INFOPLIST_KEY_NSLocationWhenInUseUsageDescription = "";
				INFOPLIST_KEY_UIApplicationSceneManifest_Generation = YES;
				INFOPLIST_KEY_UIApplicationSupportsIndirectInputEvents = YES;
				INFOPLIST_KEY_UILaunchScreen_Generation = YES;
				INFOPLIST_KEY_UISupportedInterfaceOrientations_iPad = "UIInterfaceOrientationPortrait UIInterfaceOrientationPortraitUpsideDown UIInterfaceOrientationLandscapeLeft UIInterfaceOrientationLandscapeRight";
				INFOPLIST_KEY_UISupportedInterfaceOrientations_iPhone = "UIInterfaceOrientationPortrait UIInterfaceOrientationLandscapeLeft UIInterfaceOrientationLandscapeRight";
				LD_RUNPATH_SEARCH_PATHS = (
					"$(inherited)",
					"@executable_path/Frameworks",
				);
				MARKETING_VERSION = 1.0;
				PRODUCT_BUNDLE_IDENTIFIER = org.ShelterSafe;
				PRODUCT_NAME = "$(TARGET_NAME)";
				SWIFT_EMIT_LOC_STRINGS = YES;
				SWIFT_VERSION = 5.0;
				TARGETED_DEVICE_FAMILY = "1,2";
			};
			name = Debug;
		};
		A67ABD4B2924157A00726A2F /* Release */ = {
			isa = XCBuildConfiguration;
			buildSettings = {
				ASSETCATALOG_COMPILER_APPICON_NAME = AppIcon;
				ASSETCATALOG_COMPILER_GLOBAL_ACCENT_COLOR_NAME = AccentColor;
				CODE_SIGN_STYLE = Automatic;
				CURRENT_PROJECT_VERSION = 1;
				DEVELOPMENT_ASSET_PATHS = "\"ShelterSafe/Preview Content\"";
				ENABLE_PREVIEWS = YES;
				GENERATE_INFOPLIST_FILE = YES;
				INFOPLIST_FILE = ShelterSafe/Info.plist;
				INFOPLIST_KEY_LSApplicationCategoryType = "";
				INFOPLIST_KEY_NSLocationWhenInUseUsageDescription = "";
				INFOPLIST_KEY_UIApplicationSceneManifest_Generation = YES;
				INFOPLIST_KEY_UIApplicationSupportsIndirectInputEvents = YES;
				INFOPLIST_KEY_UILaunchScreen_Generation = YES;
				INFOPLIST_KEY_UISupportedInterfaceOrientations_iPad = "UIInterfaceOrientationPortrait UIInterfaceOrientationPortraitUpsideDown UIInterfaceOrientationLandscapeLeft UIInterfaceOrientationLandscapeRight";
				INFOPLIST_KEY_UISupportedInterfaceOrientations_iPhone = "UIInterfaceOrientationPortrait UIInterfaceOrientationLandscapeLeft UIInterfaceOrientationLandscapeRight";
				LD_RUNPATH_SEARCH_PATHS = (
					"$(inherited)",
					"@executable_path/Frameworks",
				);
				MARKETING_VERSION = 1.0;
				PRODUCT_BUNDLE_IDENTIFIER = org.ShelterSafe;
				PRODUCT_NAME = "$(TARGET_NAME)";
				SWIFT_EMIT_LOC_STRINGS = YES;
				SWIFT_VERSION = 5.0;
				TARGETED_DEVICE_FAMILY = "1,2";
			};
			name = Release;
		};
		A67ABD4D2924157A00726A2F /* Debug */ = {
			isa = XCBuildConfiguration;
			buildSettings = {
				ALWAYS_EMBED_SWIFT_STANDARD_LIBRARIES = YES;
				BUNDLE_LOADER = "$(TEST_HOST)";
				CODE_SIGN_STYLE = Automatic;
				CURRENT_PROJECT_VERSION = 1;
				GENERATE_INFOPLIST_FILE = YES;
				IPHONEOS_DEPLOYMENT_TARGET = 16.1;
				MARKETING_VERSION = 1.0;
				PRODUCT_BUNDLE_IDENTIFIER = org.ShelterSafeTests;
				PRODUCT_NAME = "$(TARGET_NAME)";
				SWIFT_EMIT_LOC_STRINGS = NO;
				SWIFT_VERSION = 5.0;
				TARGETED_DEVICE_FAMILY = "1,2";
				TEST_HOST = "$(BUILT_PRODUCTS_DIR)/ShelterSafe.app/$(BUNDLE_EXECUTABLE_FOLDER_PATH)/ShelterSafe";
			};
			name = Debug;
		};
		A67ABD4E2924157A00726A2F /* Release */ = {
			isa = XCBuildConfiguration;
			buildSettings = {
				ALWAYS_EMBED_SWIFT_STANDARD_LIBRARIES = YES;
				BUNDLE_LOADER = "$(TEST_HOST)";
				CODE_SIGN_STYLE = Automatic;
				CURRENT_PROJECT_VERSION = 1;
				GENERATE_INFOPLIST_FILE = YES;
				IPHONEOS_DEPLOYMENT_TARGET = 16.1;
				MARKETING_VERSION = 1.0;
				PRODUCT_BUNDLE_IDENTIFIER = org.ShelterSafeTests;
				PRODUCT_NAME = "$(TARGET_NAME)";
				SWIFT_EMIT_LOC_STRINGS = NO;
				SWIFT_VERSION = 5.0;
				TARGETED_DEVICE_FAMILY = "1,2";
				TEST_HOST = "$(BUILT_PRODUCTS_DIR)/ShelterSafe.app/$(BUNDLE_EXECUTABLE_FOLDER_PATH)/ShelterSafe";
			};
			name = Release;
		};
		A67ABD502924157A00726A2F /* Debug */ = {
			isa = XCBuildConfiguration;
			buildSettings = {
				ALWAYS_EMBED_SWIFT_STANDARD_LIBRARIES = YES;
				CODE_SIGN_STYLE = Automatic;
				CURRENT_PROJECT_VERSION = 1;
				GENERATE_INFOPLIST_FILE = YES;
				MARKETING_VERSION = 1.0;
				PRODUCT_BUNDLE_IDENTIFIER = org.ShelterSafeUITests;
				PRODUCT_NAME = "$(TARGET_NAME)";
				SWIFT_EMIT_LOC_STRINGS = NO;
				SWIFT_VERSION = 5.0;
				TARGETED_DEVICE_FAMILY = "1,2";
				TEST_TARGET_NAME = ShelterSafe;
			};
			name = Debug;
		};
		A67ABD512924157A00726A2F /* Release */ = {
			isa = XCBuildConfiguration;
			buildSettings = {
				ALWAYS_EMBED_SWIFT_STANDARD_LIBRARIES = YES;
				CODE_SIGN_STYLE = Automatic;
				CURRENT_PROJECT_VERSION = 1;
				GENERATE_INFOPLIST_FILE = YES;
				MARKETING_VERSION = 1.0;
				PRODUCT_BUNDLE_IDENTIFIER = org.ShelterSafeUITests;
				PRODUCT_NAME = "$(TARGET_NAME)";
				SWIFT_EMIT_LOC_STRINGS = NO;
				SWIFT_VERSION = 5.0;
				TARGETED_DEVICE_FAMILY = "1,2";
				TEST_TARGET_NAME = ShelterSafe;
			};
			name = Release;
		};
/* End XCBuildConfiguration section */

/* Begin XCConfigurationList section */
		A67ABD1A2924157800726A2F /* Build configuration list for PBXProject "ShelterSafe" */ = {
			isa = XCConfigurationList;
			buildConfigurations = (
				A67ABD472924157A00726A2F /* Debug */,
				A67ABD482924157A00726A2F /* Release */,
			);
			defaultConfigurationIsVisible = 0;
			defaultConfigurationName = Release;
		};
		A67ABD492924157A00726A2F /* Build configuration list for PBXNativeTarget "ShelterSafe" */ = {
			isa = XCConfigurationList;
			buildConfigurations = (
				A67ABD4A2924157A00726A2F /* Debug */,
				A67ABD4B2924157A00726A2F /* Release */,
			);
			defaultConfigurationIsVisible = 0;
			defaultConfigurationName = Release;
		};
		A67ABD4C2924157A00726A2F /* Build configuration list for PBXNativeTarget "ShelterSafeTests" */ = {
			isa = XCConfigurationList;
			buildConfigurations = (
				A67ABD4D2924157A00726A2F /* Debug */,
				A67ABD4E2924157A00726A2F /* Release */,
			);
			defaultConfigurationIsVisible = 0;
			defaultConfigurationName = Release;
		};
		A67ABD4F2924157A00726A2F /* Build configuration list for PBXNativeTarget "ShelterSafeUITests" */ = {
			isa = XCConfigurationList;
			buildConfigurations = (
				A67ABD502924157A00726A2F /* Debug */,
				A67ABD512924157A00726A2F /* Release */,
			);
			defaultConfigurationIsVisible = 0;
			defaultConfigurationName = Release;
		};
/* End XCConfigurationList section */

/* Begin XCRemoteSwiftPackageReference section */
		464A9B012936B18500015668 /* XCRemoteSwiftPackageReference "mapbox-maps-ios" */ = {
			isa = XCRemoteSwiftPackageReference;
			repositoryURL = "https://github.com/mapbox/mapbox-maps-ios.git";
			requirement = {
				branch = main;
				kind = branch;
			};
		};
/* End XCRemoteSwiftPackageReference section */

/* Begin XCSwiftPackageProductDependency section */
		464A9B022936B18500015668 /* MapboxMaps */ = {
			isa = XCSwiftPackageProductDependency;
			package = 464A9B012936B18500015668 /* XCRemoteSwiftPackageReference "mapbox-maps-ios" */;
			productName = MapboxMaps;
		};
/* End XCSwiftPackageProductDependency section */

/* Begin XCVersionGroup section */
		A67ABD2D2924157A00726A2F /* ShelterSafe.xcdatamodeld */ = {
			isa = XCVersionGroup;
			children = (
				A67ABD2E2924157A00726A2F /* ShelterSafe.xcdatamodel */,
			);
			currentVersion = A67ABD2E2924157A00726A2F /* ShelterSafe.xcdatamodel */;
			path = ShelterSafe.xcdatamodeld;
			sourceTree = "<group>";
			versionGroupType = wrapper.xcdatamodel;
		};
/* End XCVersionGroup section */
	};
	rootObject = A67ABD172924157800726A2F /* Project object */;
}
